
Microsoft Visual Studio Solution File, Format Version 12.00
# Visual Studio Version 17
VisualStudioVersion = 17.12.35527.113 d17.12
MinimumVisualStudioVersion = 10.0.40219.1
Project("{FAE04EC0-301F-11D3-BF4B-00C04F79EFBC}") = "CodeZone.Web", "CodeZone.Web\CodeZone.Web.csproj", "{87D5DB8E-4FC9-4D88-A565-01B30EF460CC}"
EndProject
Project("{FAE04EC0-301F-11D3-BF4B-00C04F79EFBC}") = "CodeZone.DataAccess", "CodeZone.DataAccess\CodeZone.DataAccess.csproj", "{C41983E2-7B39-49B8-85EF-09A26FD69A74}"
EndProject
Project("{FAE04EC0-301F-11D3-BF4B-00C04F79EFBC}") = "CodeZone.Business", "CodeZone.Business\CodeZone.Business.csproj", "{49B1BD7E-B0D3-4B73-8EEE-D4B00301DBF9}"
EndProject
Global
	GlobalSection(SolutionConfigurationPlatforms) = preSolution
		Debug|Any CPU = Debug|Any CPU
		Release|Any CPU = Release|Any CPU
	EndGlobalSection
	GlobalSection(ProjectConfigurationPlatforms) = postSolution
		{87D5DB8E-4FC9-4D88-A565-01B30EF460CC}.Debug|Any CPU.ActiveCfg = Debug|Any CPU
		{87D5DB8E-4FC9-4D88-A565-01B30EF460CC}.Debug|Any CPU.Build.0 = Debug|Any CPU
		{87D5DB8E-4FC9-4D88-A565-01B30EF460CC}.Release|Any CPU.ActiveCfg = Release|Any CPU
		{87D5DB8E-4FC9-4D88-A565-01B30EF460CC}.Release|Any CPU.Build.0 = Release|Any CPU
		{C41983E2-7B39-49B8-85EF-09A26FD69A74}.Debug|Any CPU.ActiveCfg = Debug|Any CPU
		{C41983E2-7B39-49B8-85EF-09A26FD69A74}.Debug|Any CPU.Build.0 = Debug|Any CPU
		{C41983E2-7B39-49B8-85EF-09A26FD69A74}.Release|Any CPU.ActiveCfg = Release|Any CPU
		{C41983E2-7B39-49B8-85EF-09A26FD69A74}.Release|Any CPU.Build.0 = Release|Any CPU
		{49B1BD7E-B0D3-4B73-8EEE-D4B00301DBF9}.Debug|Any CPU.ActiveCfg = Debug|Any CPU
		{49B1BD7E-B0D3-4B73-8EEE-D4B00301DBF9}.Debug|Any CPU.Build.0 = Debug|Any CPU
		{49B1BD7E-B0D3-4B73-8EEE-D4B00301DBF9}.Release|Any CPU.ActiveCfg = Release|Any CPU
		{49B1BD7E-B0D3-4B73-8EEE-D4B00301DBF9}.Release|Any CPU.Build.0 = Release|Any CPU
	EndGlobalSection
	GlobalSection(SolutionProperties) = preSolution
		HideSolutionNode = FALSE
	EndGlobalSection
EndGlobal
